# THIS IS AN AUTOGENERATED FILE. DO NOT EDIT THIS FILE DIRECTLY.
# yarn lockfile v1


"@anthropic-ai/sdk@^0.115.0":
  version "0.115.0"
  resolved "https://registry.yarnpkg.com/@anthropic-ai/sdk/-/sdk-0.115.0.tgz#f71ce711306e45e2122066ae50f7f89d8b5ed598"
  integrity sha512-BJrFIVyjNuU8lfDyIJTvlRYzgQg+zEl78BxE7fq8esULsGz9IRQvGtW5spq3tydmtjQb/GFdooKGdGsetpx+lQ==
  dependencies:
    json-schema-to-ts "^3.1.1"
    standardwebhooks "^1.0.0"

"@babel/runtime@^7.18.3":
  version "7.29.7"
  resolved "https://registry.yarnpkg.com/@babel/runtime/-/runtime-7.29.7.tgz#12022450c45a4da6d8d8287b18a4ff2ddb23f768"
  integrity sha512-Nq8OhGWiZIZGV6hLHoyAKLLcJihP/xFeBMGJoUrxTX2psI8dCifzLhZISFb+VWS3wFMRDmCGw5R+dOySCqPLhw==

"@bufbuild/protobuf@1.10.0":
  version "1.10.0"
  resolved "https://registry.yarnpkg.com/@bufbuild/protobuf/-/protobuf-1.10.0.tgz#1a67ac889c2d464a3492b3e54c38f80517963b16"
  integrity sha512-QDdVFLoN93Zjg36NoQPZfsVH9tZew7wKDKyV5qRdj8ntT4wQCOradQjRaTdwMhWUYsgKsvCINKKm87FdEk96Ag==

"@clack/core@1.4.3":
  version "1.4.3"
  resolved "https://registry.yarnpkg.com/@clack/core/-/core-1.4.3.tgz#1e831974f811d733707ec650e58f690d7d74c5fa"
  integrity sha512-/kr3UWNtdJfxZtPgDqUOmG2pvwlmcLGheex5yiZKdwbzZJxhV+HMNR9QNmyY5cGwTNV6LrR7Jtp+KjhUAP1qBQ==
  dependencies:
    fast-wrap-ansi "^0.2.0"
    sisteransi "^1.0.5"

"@clack/prompts@^1.7.0":
  version "1.7.0"
  resolved "https://registry.yarnpkg.com/@clack/prompts/-/prompts-1.7.0.tgz#2d6ced363a608ba23f6b9611205b8306c85bbf0d"
  integrity sha512-y7/yvZ2TPAnR9+jnc00klvNNLkJiXFFrQA/hlLCcxA9a2A4zQIOimyFQ9XfwYKiGD1fb5GY8vbKIIgO8d5Tb2A==
  dependencies:
    "@clack/core" "1.4.3"
    fast-string-width "^3.0.2"
    fast-wrap-ansi "^0.2.0"
    sisteransi "^1.0.5"

"@connectrpc/connect-node@^1.6.1":
  version "1.7.0"
  resolved "https://registry.yarnpkg.com/@connectrpc/connect-node/-/connect-node-1.7.0.tgz#e4e78b24462c8a20940f61915f6d8cbd81e3fee5"
  integrity sha512-6vaPIkG/NyhxlYgytLoR9KYbPhczEboFB2OYWkA9qvUz1K7efXfeGrlRxoLtpa+r8VxyIOw73w5ktNe743nD+A==
  dependencies:
    undici "^5.28.4"

"@connectrpc/connect-web@^1.6.1":
  version "1.7.0"
  resolved "https://registry.yarnpkg.com/@connectrpc/connect-web/-/connect-web-1.7.0.tgz#ea5cc4c080c616f57d4f1a4b610c60c991cb5917"
  integrity sha512-qyP0YOnUPRWwCc/VfsoydMJvkb7EyUPr2q9sHgBuJzbADjiqck1gKH5V5ZPzPhTLBvmz5UvG+wiZ5sMRQHU1MQ==

"@connectrpc/connect@^1.6.1":
  version "1.7.0"
  resolved "https://registry.yarnpkg.com/@connectrpc/connect/-/connect-1.7.0.tgz#03489c61502f70c2c466f97683a2431953915c6a"
  integrity sha512-iNKdJRi69YP3mq6AePRT8F/HrxWCewrhxnLMNm0vpqXAR8biwzRtO6Hjx80C6UvtKJ5sFmffQT7I4Baecz389w==

"@cursor/sdk-darwin-arm64@1.0.27":
  version "1.0.27"
  resolved "https://registry.yarnpkg.com/@cursor/sdk-darwin-arm64/-/sdk-darwin-arm64-1.0.27.tgz#58f4f45067b11cdab3e8c2cdd16ae385bfdbffd7"
  integrity sha512-lO9chGVwb9lISwYtfolgF9IvTLR0Z0M8vd6AqwUfl607G/hesh+LICMD/tal2JWP0rm/hds66tIRo//M4RVupA==

"@cursor/sdk-darwin-x64@1.0.27":
  version "1.0.27"
  resolved "https://registry.yarnpkg.com/@cursor/sdk-darwin-x64/-/sdk-darwin-x64-1.0.27.tgz#86acc1df627a7e6fa3a6719d1780b36ee127bec2"
  integrity sha512-moYR40uq0Mu2Runm7XWa60+8n9Epyah++fkaW/avAYMAel/qOeHTH/uiNKTjwuCledQmczCYWDTVlZQOGEhrxg==

"@cursor/sdk-linux-arm64@1.0.27":
  version "1.0.27"
  resolved "https://registry.yarnpkg.com/@cursor/sdk-linux-arm64/-/sdk-linux-arm64-1.0.27.tgz#6ad8c8dd0cd50e8fd11bf3b845d5d3d26d2a6cde"
  integrity sha512-caDqO0RPYmaCbQYpJwTMT5YeVqP6WkZq1y7n5v1N3rlkjdaM2mWbkdSFEUL4GOTdkm8oIEx2diRNQ1hrJbVPYQ==

"@cursor/sdk-linux-x64@1.0.27":
  version "1.0.27"
  resolved "https://registry.yarnpkg.com/@cursor/sdk-linux-x64/-/sdk-linux-x64-1.0.27.tgz#0a576e5fb196928ffdbf89977dd0d39f856005e8"
  integrity sha512-z3aVQaXk4T9QjB11u77JihHrSN0XeFYCrnuqvd9PMZQSqiXfUheqX/lQTRxFjfccoU4tK1p/nJ91IWKAUVQU4g==

"@cursor/sdk-win32-x64@1.0.27":
  version "1.0.27"
  resolved "https://registry.yarnpkg.com/@cursor/sdk-win32-x64/-/sdk-win32-x64-1.0.27.tgz#c04511de015343e02444099c32097952a72bdf3b"
  integrity sha512-LbkimreWuz+FsyUcRKlvgwnWbXwzzcFexCUGkHCWNuO0JSspjhqUGfDtFFxhHU5ohMMy2FpzU7qs5wKzAc8NgA==

"@cursor/sdk@^1.0.27":
  version "1.0.27"
  resolved "https://registry.yarnpkg.com/@cursor/sdk/-/sdk-1.0.27.tgz#9b0066400f194688eee2c00e6d05d87487754405"
  integrity sha512-QR2RYZagCUlil/A4JcRU8rI4JmYICuMdWkuIsiz/yHvd/N3bisjw9o2uXhkKitDKHgIyeGDHwrQfH/MYttM37g==
  dependencies:
    "@bufbuild/protobuf" "1.10.0"
    "@connectrpc/connect" "^1.6.1"
    "@connectrpc/connect-node" "^1.6.1"
    "@connectrpc/connect-web" "^1.6.1"
    "@statsig/js-client" "3.31.0"
    zod "^3.25.0"
  optionalDependencies:
    "@cursor/sdk-darwin-arm64" "1.0.27"
    "@cursor/sdk-darwin-x64" "1.0.27"
    "@cursor/sdk-linux-arm64" "1.0.27"
    "@cursor/sdk-linux-x64" "1.0.27"
    "@cursor/sdk-win32-x64" "1.0.27"

"@fastify/busboy@^2.0.0":
  version "2.1.1"
  resolved "https://registry.yarnpkg.com/@fastify/busboy/-/busboy-2.1.1.tgz#b9da6a878a371829a0502c9b6c1c143ef6663f4d"
  integrity sha512-vBZP4NlzfOlerQTnba4aqZoMhE/a9HY7HRqoOPaETQcSQuWEIyZMHGfVu6w9wGtGK5fED5qRs2DteVCjOH60sA==

"@napi-rs/keyring-darwin-arm64@1.3.0":
  version "1.3.0"
  resolved "https://registry.yarnpkg.com/@napi-rs/keyring-darwin-arm64/-/keyring-darwin-arm64-1.3.0.tgz#11e35692d0c195d62a61280d6489812ee54a7c80"
  integrity sha512-pl76hJvdYUBn6I24bXiOBMA9nbDapo3I5B+f3OorjDU4dUMSypXeKbOVehJe8fhgTiH24flMyTS3aAIy43xegQ==

"@napi-rs/keyring-darwin-x64@1.3.0":
  version "1.3.0"
  resolved "https://registry.yarnpkg.com/@napi-rs/keyring-darwin-x64/-/keyring-darwin-x64-1.3.0.tgz#99c0be33b8d9189f3f51eaf622e5f924515ffc62"
  integrity sha512-YcJtEV5LA3cvA4z3BurgxH5IhTsW1JfIvcAAcqcecwk06Si9F9NqkxbZVIfDwQ8oRHgaBmT3zZJnLAotCrVahw==

"@napi-rs/keyring-freebsd-x64@1.3.0":
  version "1.3.0"
  resolved "https://registry.yarnpkg.com/@napi-rs/keyring-freebsd-x64/-/keyring-freebsd-x64-1.3.0.tgz#fed51e5aa2523522aded28e61814ccedf7d98981"
  integrity sha512-vlLf31TGhfRAaxLDBhg8b89ss0HHD/lyNmL5F3UjSaz5CUXElsJmKYq9fqA/B+cZKUEUcLHHGhF0I/CqcFdaVw==

"@napi-rs/keyring-linux-arm-gnueabihf@1.3.0":
  version "1.3.0"
  resolved "https://registry.yarnpkg.com/@napi-rs/keyring-linux-arm-gnueabihf/-/keyring-linux-arm-gnueabihf-1.3.0.tgz#3cd563310ef3579e8f87c1933d469683d9f84708"
  integrity sha512-KiWdMMu/Inz/bHHIAGrnF7r54FZDYXuHO6UFF/rhIrshUsxbMG1Rl9lEymNtqqsVo927G0VYcb02FzWQ3iBQRQ==

"@napi-rs/keyring-linux-arm64-gnu@1.3.0":
  version "1.3.0"
  resolved "https://registry.yarnpkg.com/@napi-rs/keyring-linux-arm64-gnu/-/keyring-linux-arm64-gnu-1.3.0.tgz#9b1ee1e8b76fe2e6a257add2bad8458ee2716dfd"
  integrity sha512-eyKGpY40lm9Jvs1aD294XRH4y7+TlJM0YVAryZeXA6TX0mb4gMkxVXwSQv7MCwgah7raeUd0dKUb4BPAYIgcMg==

"@napi-rs/keyring-linux-arm64-musl@1.3.0":
  version "1.3.0"
  resolved "https://registry.yarnpkg.com/@napi-rs/keyring-linux-arm64-musl/-/keyring-linux-arm64-musl-1.3.0.tgz#94852b06d0f64adb5b4bdcb68bf3665020e6380c"
  integrity sha512-iIK6JWHXAJqDrEyLY3TmswwloVyt2vj+04TZnew+uSJ9gnDO8EwRbp3/iw3LpWaXiDO7VomGO6y8I0Id8uBZSw==

"@napi-rs/keyring-linux-riscv64-gnu@1.3.0":
  version "1.3.0"
  resolved "https://registry.yarnpkg.com/@napi-rs/keyring-linux-riscv64-gnu/-/keyring-linux-riscv64-gnu-1.3.0.tgz#a249762cbacdaf620285d49790402a3b05e28b65"
  integrity sha512-/PGqrwn6EwgtK6vccASSXJRfOSP4vN1F4ASsIQ+7MdrK6hNvAJ1FZPrIuD5gGGdxezo3F++To2Wq7DbuGIeuNQ==

"@napi-rs/keyring-linux-x64-gnu@1.3.0":
  version "1.3.0"
  resolved "https://registry.yarnpkg.com/@napi-rs/keyring-linux-x64-gnu/-/keyring-linux-x64-gnu-1.3.0.tgz#1c6afd60505f755c1bdd0028645fb8dc65da3685"
  integrity sha512-2PDK1WKWTu9lBGq9VvNEkSlQD3O7YwVpmnyN2M3cy4v7NJ/8gDMd9GXv3G+FVXN13uhp4gnnPBS+ScefmEeD2A==

"@napi-rs/keyring-linux-x64-musl@1.3.0":
  version "1.3.0"
  resolved "https://registry.yarnpkg.com/@napi-rs/keyring-linux-x64-musl/-/keyring-linux-x64-musl-1.3.0.tgz#bd5f14cacd3dabec3213ef1d4a31d94fe440aba9"
  integrity sha512-oJ2HkX8YUo46QBkn0pG+HuIKQNqr523q6vBobCn+P95s4C4K6/kLBqHY/1bg5J4ap31DzsznhnFKcfBNBsjCnw==

"@napi-rs/keyring-win32-arm64-msvc@1.3.0":
  version "1.3.0"
  resolved "https://registry.yarnpkg.com/@napi-rs/keyring-win32-arm64-msvc/-/keyring-win32-arm64-msvc-1.3.0.tgz#dcbec8edd84197b1aedc5509c6b6a69f5e6060e6"
  integrity sha512-tOd3c/uAaeoE4ycVlmAdSvygz0Zt3zdca6Y7gokBeIbaRDWpjDIUOpU3MvML59XAaqyuKGsVVu0F/DZb1lHPmw==

"@napi-rs/keyring-win32-ia32-msvc@1.3.0":
  version "1.3.0"
  resolved "https://registry.yarnpkg.com/@napi-rs/keyring-win32-ia32-msvc/-/keyring-win32-ia32-msvc-1.3.0.tgz#513425ec47c31c20c8d0811e27e49dcac0e589c8"
  integrity sha512-sPSqeAFZMGqP1R++M2JTza7GQJJ/TpCo6JU6Vcd4jnebvOaEDs9b7eipakU1PJdSvhpC2yXMCNRk9gXfrhuwHQ==

"@napi-rs/keyring-win32-x64-msvc@1.3.0":
  version "1.3.0"
  resolved "https://registry.yarnpkg.com/@napi-rs/keyring-win32-x64-msvc/-/keyring-win32-x64-msvc-1.3.0.tgz#8e75ac2eecb8c9035c844d9850dd0f2b79b33f7b"
  integrity sha512-4DnCWXwDc0HRKwyRlG5y0VhKZW2tNRQfKKfyj6IX/KWfDNyq9hn4n+GL1auyDcOO/v8PwnhmYo2+rOOqCkvvOg==

"@napi-rs/keyring@^1.3.0":
  version "1.3.0"
  resolved "https://registry.yarnpkg.com/@napi-rs/keyring/-/keyring-1.3.0.tgz#14f572c05768c42b1eba1780ae5b844c1c37901e"
  integrity sha512-WrOw/bcXm0f9qHkumlT1QlArXSTWqaY9sunsDpOk+yCCorCKMxvWT/a3xko4EYHVdeZoh00yI2TydXn6eyICDA==
  optionalDependencies:
    "@napi-rs/keyring-darwin-arm64" "1.3.0"
    "@napi-rs/keyring-darwin-x64" "1.3.0"
    "@napi-rs/keyring-freebsd-x64" "1.3.0"
    "@napi-rs/keyring-linux-arm-gnueabihf" "1.3.0"
    "@napi-rs/keyring-linux-arm64-gnu" "1.3.0"
    "@napi-rs/keyring-linux-arm64-musl" "1.3.0"
    "@napi-rs/keyring-linux-riscv64-gnu" "1.3.0"
    "@napi-rs/keyring-linux-x64-gnu" "1.3.0"
    "@napi-rs/keyring-linux-x64-musl" "1.3.0"
    "@napi-rs/keyring-win32-arm64-msvc" "1.3.0"
    "@napi-rs/keyring-win32-ia32-msvc" "1.3.0"
    "@napi-rs/keyring-win32-x64-msvc" "1.3.0"

"@nodelib/fs.scandir@2.1.5":
  version "2.1.5"
  resolved "https://registry.yarnpkg.com/@nodelib/fs.scandir/-/fs.scandir-2.1.5.tgz#7619c2eb21b25483f6d167548b4cfd5a7488c3d5"
  integrity sha512-vq24Bq3ym5HEQm2NKCr3yXDwjc7vTsEThRDnkp2DK9p1uqLR+DHurm/NOTo0KG7HYHU7eppKZj3MyqYuMBf62g==
  dependencies:
    "@nodelib/fs.stat" "2.0.5"
    run-parallel "^1.1.9"

"@nodelib/fs.stat@2.0.5", "@nodelib/fs.stat@^2.0.2":
  version "2.0.5"
  resolved "https://registry.yarnpkg.com/@nodelib/fs.stat/-/fs.stat-2.0.5.tgz#5bd262af94e9d25bd1e71b05deed44876a222e8b"
  integrity sha512-RkhPPp2zrqDAQA/2jNhnztcPAlv64XdhIp7a7454A5ovI7Bukxgt7MX7udwAu3zg1DcpPU0rz3VV1SeaqvY4+A==

"@nodelib/fs.walk@^1.2.3":
  version "1.2.8"
  resolved "https://registry.yarnpkg.com/@nodelib/fs.walk/-/fs.walk-1.2.8.tgz#e95737e8bb6746ddedf69c556953494f196fe69a"
  integrity sha512-oGB+UxlgWcgQkgwo8GcEGwemoTFt3FIO9ababBmaGwXIoBKZ+GTy0pP185beGg7Llih/NSHSV2XAs1lnznocSg==
  dependencies:
    "@nodelib/fs.scandir" "2.1.5"
    fastq "^1.6.0"

"@sec-ant/readable-stream@^0.4.1":
  version "0.4.1"
  resolved "https://registry.yarnpkg.com/@sec-ant/readable-stream/-/readable-stream-0.4.1.tgz#60de891bb126abfdc5410fdc6166aca065f10a0c"
  integrity sha512-831qok9r2t8AlxLko40y2ebgSDhenenCatLVeW/uBtnHPyhHOvG0C7TvfgecV+wHzIm5KUICgzmVpWS+IMEAeg==

"@sindresorhus/merge-streams@^4.0.0":
  version "4.0.0"
  resolved "https://registry.yarnpkg.com/@sindresorhus/merge-streams/-/merge-streams-4.0.0.tgz#abb11d99aeb6d27f1b563c38147a72d50058e339"
  integrity sha512-tlqY9xq5ukxTUZBmoOp+m61cqwQD5pHJtFY3Mn8CA8ps6yghLH/Hw8UPdqg4OLmFW3IFlcXnQNmo/dh8HzXYIQ==

"@stablelib/base64@^1.0.0":
  version "1.0.1"
  resolved "https://registry.yarnpkg.com/@stablelib/base64/-/base64-1.0.1.tgz#bdfc1c6d3a62d7a3b7bbc65b6cce1bb4561641be"
  integrity sha512-1bnPQqSxSuc3Ii6MhBysoWCg58j97aUjuCSZrGSmDxNqtytIi0k8utUenAwTZN4V5mXXYGsVUI9zeBqy+jBOSQ==

"@statsig/client-core@3.31.0":
  version "3.31.0"
  resolved "https://registry.yarnpkg.com/@statsig/client-core/-/client-core-3.31.0.tgz#decec1aaf147f5e283fe1dda2239368ec4ad3ea4"
  integrity sha512-SuxQD6TmVszPG7FoMKwTk/uyBuVFk7XnxI3T/E0uyb7PL7GNjONtfsoh+NqBBVUJVse0CUeSFfgJPoZy1ZOslQ==

"@statsig/js-client@3.31.0":
  version "3.31.0"
  resolved "https://registry.yarnpkg.com/@statsig/js-client/-/js-client-3.31.0.tgz#344b498c4915eff6b2ad548da86adfc7050ba2a1"
  integrity sha512-LFa5E0LjT6sTfZv3sNGoyRLSZ1078+agdgOA+Vm1ecjG+KbSOfBLTW7hMwimrJ29slRwbYDzbtKaPJo/R37N2g==
  dependencies:
    "@statsig/client-core" "3.31.0"

"@types/node@^26.1.2":
  version "26.1.2"
  resolved "https://registry.yarnpkg.com/@types/node/-/node-26.1.2.tgz#da79708f1f9c6294f4cdec8f455a3032b028808a"
  integrity sha512-Vu4a5UFA9rIIFJ7rB/Vaafh9lrCQszopTCx6KjFboXTGQbPNasehVR5TEiithSDGyd1DEiUByggTZsg8jukeIg==
  dependencies:
    undici-types "~8.3.0"

"@types/semver@^7.7.0":
  version "7.8.0"
  resolved "https://registry.yarnpkg.com/@types/semver/-/semver-7.8.0.tgz#0bfe3ec51f5e9615bc317174cd5b88ea08b7fc2f"
  integrity sha512-1mAINjtQCXXeLkJ9ehXkwOcBpqtLxiVtKhpUf83DdRNdQKV0iXZpaHYqRr7nj+wvxuJzoAmAwXI+sCNMv1CzLQ==

braces@^3.0.3:
  version "3.0.3"
  resolved "https://registry.yarnpkg.com/braces/-/braces-3.0.3.tgz#490332f40919452272d55a8480adc0c441358789"
  integrity sha512-yQbXgO/OSZVD2IsiLlro+7Hf6Q18EJrKSEsdoMzKePKXct3gvD8oLcOQdIzGupr5Fj+EDe8gO/lxc1BzfMpxvA==
  dependencies:
    fill-range "^7.1.1"

commander@^15.0.0:
  version "15.0.0"
  resolved "https://registry.yarnpkg.com/commander/-/commander-15.0.0.tgz#96f3961f12adac1799ef3fbd8bc61d40572d1b11"
  integrity sha512-z67u4ZhzCL/Tydu1lJARtEZYWbWaN7oYLHbsuzocr6y4N6WZAagG3RQ4FW61V1/0+jImpj293XfrcYnd1qxtPg==

diff@^9.0.0:
  version "9.0.0"
  resolved "https://registry.yarnpkg.com/diff/-/diff-9.0.0.tgz#297c31cd7c280f13dfe335791ec2063bd4a73a6f"
  integrity sha512-svtcdpS8CgJyqAjEQIXdb3OjhFVVYjzGAPO8WGCmRbrml64SPw/jJD4GoE98aR7r25A0XcgrK3F02yw9R/vhQw==

execa@^10.0.1:
  version "10.0.1"
  resolved "https://registry.yarnpkg.com/execa/-/execa-10.0.1.tgz#7e5ed6cc9d5ac2cc4160036c624934137f0750ff"
  integrity sha512-ge98qjkRK4IB7tL7Ju/6qmm5LHoH1eEMt5FNZrz3f4UIYhF28lggX20z3FaX1sgc67msLEn0N0BscOs29iuwyw==
  dependencies:
    "@sindresorhus/merge-streams" "^4.0.0"
    figures "^6.1.0"
    get-stream "^9.0.1"
    human-signals "^8.0.1"
    is-plain-obj "^4.1.0"
    is-stream "^4.0.1"
    npm-run-path "^6.0.0"
    pretty-ms "^9.3.0"
    signal-exit "^4.1.0"
    strip-final-newline "^4.0.0"
    which-command "^0.1.0"
    yoctocolors "^2.1.2"

fast-glob@^3.3.3:
  version "3.3.3"
  resolved "https://registry.yarnpkg.com/fast-glob/-/fast-glob-3.3.3.tgz#d06d585ce8dba90a16b0505c543c3ccfb3aeb818"
  integrity sha512-7MptL8U0cqcFdzIzwOTHoilX9x5BrNqye7Z/LuC7kCMRio1EMSyqRK3BEAUD7sXRq4iT4AzTVuZdhgQ2TCvYLg==
  dependencies:
    "@nodelib/fs.stat" "^2.0.2"
    "@nodelib/fs.walk" "^1.2.3"
    glob-parent "^5.1.2"
    merge2 "^1.3.0"
    micromatch "^4.0.8"

fast-sha256@^1.3.0:
  version "1.3.0"
  resolved "https://registry.yarnpkg.com/fast-sha256/-/fast-sha256-1.3.0.tgz#7916ba2054eeb255982608cccd0f6660c79b7ae6"
  integrity sha512-n11RGP/lrWEFI/bWdygLxhI+pVeo1ZYIVwvvPkW7azl/rOy+F3HYRZ2K5zeE9mmkhQppyv9sQFx0JM9UabnpPQ==

fast-string-truncated-width@^3.0.2:
  version "3.0.3"
  resolved "https://registry.yarnpkg.com/fast-string-truncated-width/-/fast-string-truncated-width-3.0.3.tgz#23afe0da67d752ca0727538f1e6967759728ce49"
  integrity sha512-0jjjIEL6+0jag3l2XWWizO64/aZVtpiGE3t0Zgqxv0DPuxiMjvB3M24fCyhZUO4KomJQPj3LTSUnDP3GpdwC0g==

fast-string-width@^3.0.2:
  version "3.0.2"
  resolved "https://registry.yarnpkg.com/fast-string-width/-/fast-string-width-3.0.2.tgz#16dbabb491ce5585b5ecb675b65c165d71688eeb"
  integrity sha512-gX8LrtNEI5hq8DVUfRQMbr5lpaS4nMIWV+7XEbXk2b8kiQIizgnlr12B4dA3ZEx3308ze0O4Q1R+cHts8kyUJg==
  dependencies:
    fast-string-truncated-width "^3.0.2"

fast-wrap-ansi@^0.2.0:
  version "0.2.2"
  resolved "https://registry.yarnpkg.com/fast-wrap-ansi/-/fast-wrap-ansi-0.2.2.tgz#95e952a0145bce3f59ad56e179f84c48d4072935"
  integrity sha512-7F2Fl+TjRSenLqlU3UjSH0iyqopqoZIu7eZVpEirP2g1GtWa2G/ecEmBdgz31+Mxr+ELclgg6sokpSFIQiZ02Q==
  dependencies:
    fast-string-width "^3.0.2"

fastq@^1.6.0:
  version "1.20.1"
  resolved "https://registry.yarnpkg.com/fastq/-/fastq-1.20.1.tgz#ca750a10dc925bc8b18839fd203e3ef4b3ced675"
  integrity sha512-GGToxJ/w1x32s/D2EKND7kTil4n8OVk/9mycTc4VDza13lOvpUZTGX3mFSCtV9ksdGBVzvsyAVLM6mHFThxXxw==
  dependencies:
    reusify "^1.0.4"

figures@^6.1.0:
  version "6.1.0"
  resolved "https://registry.yarnpkg.com/figures/-/figures-6.1.0.tgz#935479f51865fa7479f6fa94fc6fc7ac14e62c4a"
  integrity sha512-d+l3qxjSesT4V7v2fh+QnmFnUWv9lSpjarhShNTgBOfA0ttejbQUAlHLitbjkoRiDulW0OPoQPYIGhIC8ohejg==
  dependencies:
    is-unicode-supported "^2.0.0"

fill-range@^7.1.1:
  version "7.1.1"
  resolved "https://registry.yarnpkg.com/fill-range/-/fill-range-7.1.1.tgz#44265d3cac07e3ea7dc247516380643754a05292"
  integrity sha512-YsGpe3WHLK8ZYi4tWDg2Jy3ebRz2rXowDxnld4bkQB00cc/1Zw9AWnC0i9ztDJitivtQvaI9KaLyKrc+hBW0yg==
  dependencies:
    to-regex-range "^5.0.1"

get-stream@^9.0.1:
  version "9.0.1"
  resolved "https://registry.yarnpkg.com/get-stream/-/get-stream-9.0.1.tgz#95157d21df8eb90d1647102b63039b1df60ebd27"
  integrity sha512-kVCxPF3vQM/N0B1PmoqVUqgHP+EeVjmZSQn+1oCRPxd2P21P2F19lIgbR3HBosbB1PUhOAoctJnfEn2GbN2eZA==
  dependencies:
    "@sec-ant/readable-stream" "^0.4.1"
    is-stream "^4.0.1"

glob-parent@^5.1.2:
  version "5.1.2"
  resolved "https://registry.yarnpkg.com/glob-parent/-/glob-parent-5.1.2.tgz#869832c58034fe68a4093c17dc15e8340d8401c4"
  integrity sha512-AOIgSQCepiJYwP3ARnGx+5VnTu2HBYdzbGP45eLw1vr3zB3vZLeyed1sC9hnbcOc9/SrMyM5RPQrkGz4aS9Zow==
  dependencies:
    is-glob "^4.0.1"

human-signals@^8.0.1:
  version "8.0.1"
  resolved "https://registry.yarnpkg.com/human-signals/-/human-signals-8.0.1.tgz#f08bb593b6d1db353933d06156cedec90abe51fb"
  integrity sha512-eKCa6bwnJhvxj14kZk5NCPc6Hb6BdsU9DZcOnmQKSnO1VKrfV0zCvtttPZUsBvjmNDn8rpcJfpwSYnHBjc95MQ==

is-extglob@^2.1.1:
  version "2.1.1"
  resolved "https://registry.yarnpkg.com/is-extglob/-/is-extglob-2.1.1.tgz#a88c02535791f02ed37c76a1b9ea9773c833f8c2"
  integrity sha512-SbKbANkN603Vi4jEZv49LeVJMn4yGwsbzZworEoyEiutsN3nJYdbO36zfhGJ6QEDpOZIFkDtnq5JRxmvl3jsoQ==

is-glob@^4.0.1:
  version "4.0.3"
  resolved "https://registry.yarnpkg.com/is-glob/-/is-glob-4.0.3.tgz#64f61e42cbbb2eec2071a9dac0b28ba1e65d5084"
  integrity sha512-xelSayHH36ZgE7ZWhli7pW34hNbNl8Ojv5KVmkJD4hBdD3th8Tfk9vYasLM+mXWOZhFkgZfxhLSnrwRr4elSSg==
  dependencies:
    is-extglob "^2.1.1"

is-number@^7.0.0:
  version "7.0.0"
  resolved "https://registry.yarnpkg.com/is-number/-/is-number-7.0.0.tgz#7535345b896734d5f80c4d06c50955527a14f12b"
  integrity sha512-41Cifkg6e8TylSpdtTpeLVMqvSBEVzTttHvERD741+pnZ8ANv0004MRL43QKPDlK9cGvNp6NZWZUBlbGXYxxng==

is-plain-obj@^4.1.0:
  version "4.1.0"
  resolved "https://registry.yarnpkg.com/is-plain-obj/-/is-plain-obj-4.1.0.tgz#d65025edec3657ce032fd7db63c97883eaed71f0"
  integrity sha512-+Pgi+vMuUNkJyExiMBt5IlFoMyKnr5zhJ4Uspz58WOhBF5QoIZkFyNHIbBAtHwzVAgk5RtndVNsDRN61/mmDqg==

is-stream@^4.0.1:
  version "4.0.1"
  resolved "https://registry.yarnpkg.com/is-stream/-/is-stream-4.0.1.tgz#375cf891e16d2e4baec250b85926cffc14720d9b"
  integrity sha512-Dnz92NInDqYckGEUJv689RbRiTSEHCQ7wOVeALbkOz999YpqT46yMRIGtSNl2iCL1waAZSx40+h59NV/EwzV/A==

is-unicode-supported@^2.0.0:
  version "2.1.0"
  resolved "https://registry.yarnpkg.com/is-unicode-supported/-/is-unicode-supported-2.1.0.tgz#09f0ab0de6d3744d48d265ebb98f65d11f2a9b3a"
  integrity sha512-mE00Gnza5EEB3Ds0HfMyllZzbBrmLOX3vfWoj9A9PEnTfratQ/BcaJOuMhnkhjXvb2+FkY3VuHqtAGpTPmglFQ==

json-schema-to-ts@^3.1.1:
  version "3.1.1"
  resolved "https://registry.yarnpkg.com/json-schema-to-ts/-/json-schema-to-ts-3.1.1.tgz#81f3acaf5a34736492f6f5f51870ef9ece1ca853"
  integrity sha512-+DWg8jCJG2TEnpy7kOm/7/AxaYoaRbjVB4LFZLySZlWn8exGs3A4OLJR966cVvU26N7X9TWxl+Jsw7dzAqKT6g==
  dependencies:
    "@babel/runtime" "^7.18.3"
    ts-algebra "^2.0.0"

merge2@^1.3.0:
  version "1.4.1"
  resolved "https://registry.yarnpkg.com/merge2/-/merge2-1.4.1.tgz#4368892f885e907455a6fd7dc55c0c9d404990ae"
  integrity sha512-8q7VEgMJW4J8tcfVPy8g09NcQwZdbwFEqhe/WZkoIzjn/3TGDwtOCYtXGxA3O8tPzpczCCDgv+P2P5y00ZJOOg==

micromatch@^4.0.8:
  version "4.0.8"
  resolved "https://registry.yarnpkg.com/micromatch/-/micromatch-4.0.8.tgz#d66fa18f3a47076789320b9b1af32bd86d9fa202"
  integrity sha512-PXwfBhYu0hBCPw8Dn0E+WDYb7af3dSLVWKi3HGv84IdF4TyFoC0ysxFd0Goxw7nSv4T/PzEJQxsYsEiFCKo2BA==
  dependencies:
    braces "^3.0.3"
    picomatch "^2.3.1"

npm-run-path@^6.0.0:
  version "6.0.0"
  resolved "https://registry.yarnpkg.com/npm-run-path/-/npm-run-path-6.0.0.tgz#25cfdc4eae04976f3349c0b1afc089052c362537"
  integrity sha512-9qny7Z9DsQU8Ou39ERsPU4OZQlSTP47ShQzuKZ6PRXpYLtIFgl/DEBYEXKlvcEa+9tHVcK8CF81Y2V72qaZhWA==
  dependencies:
    path-key "^4.0.0"
    unicorn-magic "^0.3.0"

openai@^7.4.0:
  version "7.4.0"
  resolved "https://registry.yarnpkg.com/openai/-/openai-7.4.0.tgz#68a91d333c388cffaa6b276b160acaf81b342a9f"
  integrity sha512-+C9Muit5x8j9R8ej8ZzVgKcrVDtqFqTy9gxFdov0EItLgU68zrJtF9ZeT0cyqJQW9S3PCJkdFgADtRGquRBtew==

parse-ms@^4.0.0:
  version "4.0.0"
  resolved "https://registry.yarnpkg.com/parse-ms/-/parse-ms-4.0.0.tgz#c0c058edd47c2a590151a718990533fd62803df4"
  integrity sha512-TXfryirbmq34y8QBwgqCVLi+8oA3oWx2eAnSn62ITyEhEYaWRlVZ2DvMM9eZbMs/RfxPu/PK/aBLyGj4IrqMHw==

path-key@^4.0.0:
  version "4.0.0"
  resolved "https://registry.yarnpkg.com/path-key/-/path-key-4.0.0.tgz#295588dc3aee64154f877adb9d780b81c554bf18"
  integrity sha512-haREypq7xkM7ErfgIyA0z+Bj4AGKlMSdlQE2jvJo6huWD1EdkKYV+G/T4nq0YEF2vgTT8kqMFKo1uHn950r4SQ==

picocolors@^1.1.1:
  version "1.1.1"
  resolved "https://registry.yarnpkg.com/picocolors/-/picocolors-1.1.1.tgz#3d321af3eab939b083c8f929a1d12cda81c26b6b"
  integrity sha512-xceH2snhtb5M9liqDsmEw56le376mTZkEX/jEb/RxNFyegNul7eNslCXP9FDj/Lcu0X8KEyMceP2ntpaHrDEVA==

picomatch@^2.3.1:
  version "2.3.2"
  resolved "https://registry.yarnpkg.com/picomatch/-/picomatch-2.3.2.tgz#5a942915e26b372dc0f0e6753149a16e6b1c5601"
  integrity sha512-V7+vQEJ06Z+c5tSye8S+nHUfI51xoXIXjHQ99cQtKUkQqqO1kO/KCJUfZXuB47h/YBlDhah2H3hdUGXn8ie0oA==

prettier@^3.9.6:
  version "3.9.6"
  resolved "https://registry.yarnpkg.com/prettier/-/prettier-3.9.6.tgz#b3ea5146515d40fc53f18aa63f74dfab1e10dbf6"
  integrity sha512-OpN0zzVdiaiAhxpuuj5efpIS4sY9j7bY6uR5mnj5yPzGkdkjNKSJeUThPb60Jw29QuAZgA4o+/iB49kFiaBX6g==

pretty-ms@^9.3.0:
  version "9.3.0"
  resolved "https://registry.yarnpkg.com/pretty-ms/-/pretty-ms-9.3.0.tgz#dd2524fcb3c326b4931b2272dfd1e1a8ed9a9f5a"
  integrity sha512-gjVS5hOP+M3wMm5nmNOucbIrqudzs9v/57bWRHQWLYklXqoXKrVfYW2W9+glfGsqtPgpiz5WwyEEB+ksXIx3gQ==
  dependencies:
    parse-ms "^4.0.0"

queue-microtask@^1.2.2:
  version "1.2.3"
  resolved "https://registry.yarnpkg.com/queue-microtask/-/queue-microtask-1.2.3.tgz#4929228bbc724dfac43e0efb058caf7b6cfb6243"
  integrity sha512-NuaNSa6flKT5JaSYQzJok04JzTL1CA6aGhv5rfLW3PgqA+M2ChpZQnAC8h8i4ZFkBS8X5RqkDBHA7r4hej3K9A==

reusify@^1.0.4:
  version "1.1.0"
  resolved "https://registry.yarnpkg.com/reusify/-/reusify-1.1.0.tgz#0fe13b9522e1473f51b558ee796e08f11f9b489f"
  integrity sha512-g6QUff04oZpHs0eG5p83rFLhHeV00ug/Yf9nZM6fLeUrPguBTkTQOdpAWWspMh55TZfVQDPaN3NQJfbVRAxdIw==

run-parallel@^1.1.9:
  version "1.2.0"
  resolved "https://registry.yarnpkg.com/run-parallel/-/run-parallel-1.2.0.tgz#66d1368da7bdf921eb9d95bd1a9229e7f21a43ee"
  integrity sha512-5l4VyZR86LZ/lDxZTR6jqL8AFE2S0IFLMP26AbjsLVADxHdhB/c0GUsH+y39UfCi3dzz8OlQuPmnaJOMoDHQBA==
  dependencies:
    queue-microtask "^1.2.2"

semver@^7.8.5:
  version "7.8.5"
  resolved "https://registry.yarnpkg.com/semver/-/semver-7.8.5.tgz#39b646037dd50c14fb451e7e4cac58ed8b863f69"
  integrity sha512-Y7/KDsb8LjooZpwaqGyulO6DQlksgCncchHGk+sZIY4SBvUocMBEFH5Ur1fI4dV+Jvl0w6cjvucaIi40puRioA==

signal-exit@^4.1.0:
  version "4.1.0"
  resolved "https://registry.yarnpkg.com/signal-exit/-/signal-exit-4.1.0.tgz#952188c1cbd546070e2dd20d0f41c0ae0530cb04"
  integrity sha512-bzyZ1e88w9O1iNJbKnOlvYTrWPDl46O1bG0D3XInv+9tkPrxrN8jUUTiFlDkkmKWgn1M6CfIA13SuGqOa9Korw==

sisteransi@^1.0.5:
  version "1.0.5"
  resolved "https://registry.yarnpkg.com/sisteransi/-/sisteransi-1.0.5.tgz#134d681297756437cc05ca01370d3a7a571075ed"
  integrity sha512-bLGGlR1QxBcynn2d5YmDX4MGjlZvy2MRBDRNHLJ8VI6l6+9FUiyTFNJ0IveOSP0bcXgVDPRcfGqA0pjaqUpfVg==

standardwebhooks@^1.0.0:
  version "1.0.0"
  resolved "https://registry.yarnpkg.com/standardwebhooks/-/standardwebhooks-1.0.0.tgz#5faa23ceacbf9accd344361101d9e3033b64324f"
  integrity sha512-BbHGOQK9olHPMvQNHWul6MYlrRTAOKn03rOe4A8O3CLWhNf4YHBqq2HJKKC+sfqpxiBY52pNeesD6jIiLDz8jg==
  dependencies:
    "@stablelib/base64" "^1.0.0"
    fast-sha256 "^1.3.0"

strip-final-newline@^4.0.0:
  version "4.0.0"
  resolved "https://registry.yarnpkg.com/strip-final-newline/-/strip-final-newline-4.0.0.tgz#35a369ec2ac43df356e3edd5dcebb6429aa1fa5c"
  integrity sha512-aulFJcD6YK8V1G7iRB5tigAP4TsHBZZrOV8pjV++zdUwmeV8uzbY7yn6h9MswN62adStNZFuCIx4haBnRuMDaw==

to-regex-range@^5.0.1:
  version "5.0.1"
  resolved "https://registry.yarnpkg.com/to-regex-range/-/to-regex-range-5.0.1.tgz#1648c44aae7c8d988a326018ed72f5b4dd0392e4"
  integrity sha512-65P7iz6X5yEr1cwcgvQxbbIw7Uk3gOy5dIdtZ4rDveLqhrdJP+Li/Hx6tyK0NEb+2GCyneCMJiGqrADCSNk8sQ==
  dependencies:
    is-number "^7.0.0"

ts-algebra@^2.0.0:
  version "2.0.0"
  resolved "https://registry.yarnpkg.com/ts-algebra/-/ts-algebra-2.0.0.tgz#4e3e0953878f26518fce7f6bb115064a65388b7a"
  integrity sha512-FPAhNPFMrkwz76P7cdjdmiShwMynZYN6SgOujD1urY4oNm80Ou9oMdmbR45LotcKOXoy7wSmHkRFE6Mxbrhefw==

typescript@~5.9.3:
  version "5.9.3"
  resolved "https://registry.yarnpkg.com/typescript/-/typescript-5.9.3.tgz#5b4f59e15310ab17a216f5d6cf53ee476ede670f"
  integrity sha512-jl1vZzPDinLr9eUt3J/t7V6FgNEw9QjvBPdysz9KfQDD41fQrC2Y4vKQdiaUpFT4bXlb1RHhLpp8wtm6M5TgSw==

undici-types@~8.3.0:
  version "8.3.0"
  resolved "https://registry.yarnpkg.com/undici-types/-/undici-types-8.3.0.tgz#44e9fc9f3244648cdea35e4f9bb2d681e9410809"
  integrity sha512-j375ScV60dom+YkPFIfTLcOiPxkN/buHz5GobjLhixFuANaNs3C9l4GmrWqejgXWJ7BbJcFYpTEUkS1Ge8bpZQ==

undici@^5.28.4:
  version "5.29.0"
  resolved "https://registry.yarnpkg.com/undici/-/undici-5.29.0.tgz#419595449ae3f2cdcba3580a2e8903399bd1f5a3"
  integrity sha512-raqeBD6NQK4SkWhQzeYKd1KmIG6dllBOTt55Rmkt4HtI9mwdWtJljnrXjAFUBLTSN67HWrOIZ3EPF4kjUw80Bg==
  dependencies:
    "@fastify/busboy" "^2.0.0"

unicorn-magic@^0.3.0:
  version "0.3.0"
  resolved "https://registry.yarnpkg.com/unicorn-magic/-/unicorn-magic-0.3.0.tgz#4efd45c85a69e0dd576d25532fbfa22aa5c8a104"
  integrity sha512-+QBBXBCvifc56fsbuxZQ6Sic3wqqc3WWaqxs58gvJrcOuN83HGTCwz3oS5phzU9LthRNE9VrJCFCLUgHeeFnfA==

which-command@^0.1.0:
  version "0.1.0"
  resolved "https://registry.yarnpkg.com/which-command/-/which-command-0.1.0.tgz#62828a961c1104d660fbdc397b5a540c629f3d6c"
  integrity sha512-XZyoF5/5hZtXitIwzrU4NKK+Wtbb9aB9CezUEw2Q0wlYK8NUYQxC1rRXgNueYLtBAJwXIb+/tFVk4dozciNJMA==

yoctocolors@^2.1.2:
  version "2.2.0"
  resolved "https://registry.yarnpkg.com/yoctocolors/-/yoctocolors-2.2.0.tgz#c4b68ee477f3982c33e4de24a5aa4a354be506d3"
  integrity sha512-xYqdZFUK/VYazNl/oCDYN+3WloWQwMfZxBoiNt6qNyk+xfOdi598muWE42rNZFp1kNOiqW936q5RhUdnpqElSg==

zod@^3.25.0:
  version "3.25.76"
  resolved "https://registry.yarnpkg.com/zod/-/zod-3.25.76.tgz#26841c3f6fd22a6a2760e7ccb719179768471e34"
  integrity sha512-gzUt/qt81nXsFGKIFcC3YnfEAx5NkunCfnDlvuBSSFS02bcXu4Lmea0AFIUwbLWxWPx3d9p8S5QoaujKcNQxcQ==

zod@^4.4.3:
  version "4.4.3"
  resolved "https://registry.yarnpkg.com/zod/-/zod-4.4.3.tgz#b680f172885d18bbebf21a834ea25e55a1bbf356"
  integrity sha512-ytENFjIJFl2UwYglde2jchW2Hwm4GJFLDiSXWdTrJQBIN9Fcyp7n4DhxJEiWNAJMV1/BqWfW/kkg71UDcHJyTQ==
